
Microsoft Visual Studio Solution File, Format Version 12.00
# Visual Studio Version 17
VisualStudioVersion = 17.5.33627.172
MinimumVisualStudioVersion = 10.0.40219.1
Project("{FAE04EC0-301F-11D3-BF4B-00C04F79EFBC}") = "SQSV_lab2", "SQSV_lab2\SQSV_lab2.csproj", "{3A539A3F-4730-4971-ADE2-589E7E7BBBEE}"
EndProject
Project("{FAE04EC0-301F-11D3-BF4B-00C04F79EFBC}") = "TestLab2", "TestLab2\TestLab2.csproj", "{41307723-1DB1-4DA8-97D1-F2C951678634}"
EndProject
Global
	GlobalSection(SolutionConfigurationPlatforms) = preSolution
		Debug|Any CPU = Debug|Any CPU
		Release|Any CPU = Release|Any CPU
	EndGlobalSection
	GlobalSection(ProjectConfigurationPlatforms) = postSolution
		{3A539A3F-4730-4971-ADE2-589E7E7BBBEE}.Debug|Any CPU.ActiveCfg = Debug|Any CPU
		{3A539A3F-4730-4971-ADE2-589E7E7BBBEE}.Debug|Any CPU.Build.0 = Debug|Any CPU
		{3A539A3F-4730-4971-ADE2-589E7E7BBBEE}.Release|Any CPU.ActiveCfg = Release|Any CPU
		{3A539A3F-4730-4971-ADE2-589E7E7BBBEE}.Release|Any CPU.Build.0 = Release|Any CPU
		{41307723-1DB1-4DA8-97D1-F2C951678634}.Debug|Any CPU.ActiveCfg = Debug|Any CPU
		{41307723-1DB1-4DA8-97D1-F2C951678634}.Debug|Any CPU.Build.0 = Debug|Any CPU
		{41307723-1DB1-4DA8-97D1-F2C951678634}.Release|Any CPU.ActiveCfg = Release|Any CPU
		{41307723-1DB1-4DA8-97D1-F2C951678634}.Release|Any CPU.Build.0 = Release|Any CPU
	EndGlobalSection
	GlobalSection(SolutionProperties) = preSolution
		HideSolutionNode = FALSE
	EndGlobalSection
	GlobalSection(ExtensibilityGlobals) = postSolution
		SolutionGuid = {EACDF719-4EBB-465E-BF99-C38715351556}
	EndGlobalSection
EndGlobal
